
Microsoft Visual Studio Solution File, Format Version 12.00
# Visual Studio Version 16
VisualStudioVersion = 16.6.30114.105
MinimumVisualStudioVersion = 10.0.40219.1
Project("{FAE04EC0-301F-11D3-BF4B-00C04F79EFBC}") = "SkiTKD.Api", "api\SkiTKD.Api.csproj", "{61129FCA-0037-4ADC-AFAC-47296B3D6D27}"
EndProject
Project("{FAE04EC0-301F-11D3-BF4B-00C04F79EFBC}") = "SkiTKD.Data", "data\SkiTKD.Data.csproj", "{C6C81CA2-6ABF-4FA6-97B4-5E95C0F6B494}"
EndProject
Project("{FAE04EC0-301F-11D3-BF4B-00C04F79EFBC}") = "SkiTKD.Test", "test\SkiTKD.Test.csproj", "{DA61C3AC-59E0-486E-B694-5BBA09A7C738}"
EndProject
Project("{FAE04EC0-301F-11D3-BF4B-00C04F79EFBC}") = "SkiTKD.Web", "web\SkiTKD.Web.csproj", "{CF1813E4-E34E-43C2-8F28-264B7E2FB138}"
EndProject
Global
	GlobalSection(SolutionConfigurationPlatforms) = preSolution
		Debug|Any CPU = Debug|Any CPU
		Debug|x64 = Debug|x64
		Debug|x86 = Debug|x86
		Release|Any CPU = Release|Any CPU
		Release|x64 = Release|x64
		Release|x86 = Release|x86
	EndGlobalSection
	GlobalSection(SolutionProperties) = preSolution
		HideSolutionNode = FALSE
	EndGlobalSection
	GlobalSection(ProjectConfigurationPlatforms) = postSolution
		{61129FCA-0037-4ADC-AFAC-47296B3D6D27}.Debug|Any CPU.ActiveCfg = Debug|Any CPU
		{61129FCA-0037-4ADC-AFAC-47296B3D6D27}.Debug|Any CPU.Build.0 = Debug|Any CPU
		{61129FCA-0037-4ADC-AFAC-47296B3D6D27}.Debug|x64.ActiveCfg = Debug|Any CPU
		{61129FCA-0037-4ADC-AFAC-47296B3D6D27}.Debug|x64.Build.0 = Debug|Any CPU
		{61129FCA-0037-4ADC-AFAC-47296B3D6D27}.Debug|x86.ActiveCfg = Debug|Any CPU
		{61129FCA-0037-4ADC-AFAC-47296B3D6D27}.Debug|x86.Build.0 = Debug|Any CPU
		{61129FCA-0037-4ADC-AFAC-47296B3D6D27}.Release|Any CPU.ActiveCfg = Release|Any CPU
		{61129FCA-0037-4ADC-AFAC-47296B3D6D27}.Release|Any CPU.Build.0 = Release|Any CPU
		{61129FCA-0037-4ADC-AFAC-47296B3D6D27}.Release|x64.ActiveCfg = Release|Any CPU
		{61129FCA-0037-4ADC-AFAC-47296B3D6D27}.Release|x64.Build.0 = Release|Any CPU
		{61129FCA-0037-4ADC-AFAC-47296B3D6D27}.Release|x86.ActiveCfg = Release|Any CPU
		{61129FCA-0037-4ADC-AFAC-47296B3D6D27}.Release|x86.Build.0 = Release|Any CPU
		{C6C81CA2-6ABF-4FA6-97B4-5E95C0F6B494}.Debug|Any CPU.ActiveCfg = Debug|Any CPU
		{C6C81CA2-6ABF-4FA6-97B4-5E95C0F6B494}.Debug|Any CPU.Build.0 = Debug|Any CPU
		{C6C81CA2-6ABF-4FA6-97B4-5E95C0F6B494}.Debug|x64.ActiveCfg = Debug|Any CPU
		{C6C81CA2-6ABF-4FA6-97B4-5E95C0F6B494}.Debug|x64.Build.0 = Debug|Any CPU
		{C6C81CA2-6ABF-4FA6-97B4-5E95C0F6B494}.Debug|x86.ActiveCfg = Debug|Any CPU
		{C6C81CA2-6ABF-4FA6-97B4-5E95C0F6B494}.Debug|x86.Build.0 = Debug|Any CPU
		{C6C81CA2-6ABF-4FA6-97B4-5E95C0F6B494}.Release|Any CPU.ActiveCfg = Release|Any CPU
		{C6C81CA2-6ABF-4FA6-97B4-5E95C0F6B494}.Release|Any CPU.Build.0 = Release|Any CPU
		{C6C81CA2-6ABF-4FA6-97B4-5E95C0F6B494}.Release|x64.ActiveCfg = Release|Any CPU
		{C6C81CA2-6ABF-4FA6-97B4-5E95C0F6B494}.Release|x64.Build.0 = Release|Any CPU
		{C6C81CA2-6ABF-4FA6-97B4-5E95C0F6B494}.Release|x86.ActiveCfg = Release|Any CPU
		{C6C81CA2-6ABF-4FA6-97B4-5E95C0F6B494}.Release|x86.Build.0 = Release|Any CPU
		{DA61C3AC-59E0-486E-B694-5BBA09A7C738}.Debug|Any CPU.ActiveCfg = Debug|Any CPU
		{DA61C3AC-59E0-486E-B694-5BBA09A7C738}.Debug|Any CPU.Build.0 = Debug|Any CPU
		{DA61C3AC-59E0-486E-B694-5BBA09A7C738}.Debug|x64.ActiveCfg = Debug|Any CPU
		{DA61C3AC-59E0-486E-B694-5BBA09A7C738}.Debug|x64.Build.0 = Debug|Any CPU
		{DA61C3AC-59E0-486E-B694-5BBA09A7C738}.Debug|x86.ActiveCfg = Debug|Any CPU
		{DA61C3AC-59E0-486E-B694-5BBA09A7C738}.Debug|x86.Build.0 = Debug|Any CPU
		{DA61C3AC-59E0-486E-B694-5BBA09A7C738}.Release|Any CPU.ActiveCfg = Release|Any CPU
		{DA61C3AC-59E0-486E-B694-5BBA09A7C738}.Release|Any CPU.Build.0 = Release|Any CPU
		{DA61C3AC-59E0-486E-B694-5BBA09A7C738}.Release|x64.ActiveCfg = Release|Any CPU
		{DA61C3AC-59E0-486E-B694-5BBA09A7C738}.Release|x64.Build.0 = Release|Any CPU
		{DA61C3AC-59E0-486E-B694-5BBA09A7C738}.Release|x86.ActiveCfg = Release|Any CPU
		{DA61C3AC-59E0-486E-B694-5BBA09A7C738}.Release|x86.Build.0 = Release|Any CPU
		{CF1813E4-E34E-43C2-8F28-264B7E2FB138}.Debug|Any CPU.ActiveCfg = Debug|Any CPU
		{CF1813E4-E34E-43C2-8F28-264B7E2FB138}.Debug|Any CPU.Build.0 = Debug|Any CPU
		{CF1813E4-E34E-43C2-8F28-264B7E2FB138}.Debug|x64.ActiveCfg = Debug|Any CPU
		{CF1813E4-E34E-43C2-8F28-264B7E2FB138}.Debug|x64.Build.0 = Debug|Any CPU
		{CF1813E4-E34E-43C2-8F28-264B7E2FB138}.Debug|x86.ActiveCfg = Debug|Any CPU
		{CF1813E4-E34E-43C2-8F28-264B7E2FB138}.Debug|x86.Build.0 = Debug|Any CPU
		{CF1813E4-E34E-43C2-8F28-264B7E2FB138}.Release|Any CPU.ActiveCfg = Release|Any CPU
		{CF1813E4-E34E-43C2-8F28-264B7E2FB138}.Release|Any CPU.Build.0 = Release|Any CPU
		{CF1813E4-E34E-43C2-8F28-264B7E2FB138}.Release|x64.ActiveCfg = Release|Any CPU
		{CF1813E4-E34E-43C2-8F28-264B7E2FB138}.Release|x64.Build.0 = Release|Any CPU
		{CF1813E4-E34E-43C2-8F28-264B7E2FB138}.Release|x86.ActiveCfg = Release|Any CPU
		{CF1813E4-E34E-43C2-8F28-264B7E2FB138}.Release|x86.Build.0 = Release|Any CPU
	EndGlobalSection
EndGlobal
